<?xml version="1.0" encoding="utf-8"?>
<Project ToolsVersion="4.0" xmlns="http://schemas.microsoft.com/developer/msbuild/2003">
  <ItemGroup>
    <Filter Include="Source Files">
      <UniqueIdentifier>{4FC737F1-C7A5-4376-A066-2A32D752A2FF}</UniqueIdentifier>
      <Extensions>cpp;c;cc;cxx;def;odl;idl;hpj;bat;asm;asmx</Extensions>
    </Filter>
    <Filter Include="Header Files">
      <UniqueIdentifier>{93995380-89BD-4b04-88EB-625FBE52EBFB}</UniqueIdentifier>
      <Extensions>h;hpp;hxx;hm;inl;inc;xsd</Extensions>
    </Filter>
    <Filter Include="Resource Files">
      <UniqueIdentifier>{67DA6AB6-F800-4c08-8B7A-83BB121AAD01}</UniqueIdentifier>
      <Extensions>rc;ico;cur;bmp;dlg;rc2;rct;bin;rgs;gif;jpg;jpeg;jpe;resx;tiff;tif;png;wav;mfcribbon-ms</Extensions>
    </Filter>
    <Filter Include="Source Files\Controller">
      <UniqueIdentifier>{81644447-102f-400c-855e-638d3b37ee39}</UniqueIdentifier>
    </Filter>
    <Filter Include="Header Files\Controller">
      <UniqueIdentifier>{e29d15eb-1dbf-4bc8-a274-39fc755b1e4d}</UniqueIdentifier>
    </Filter>
    <Filter Include="Source Files\Model">
      <UniqueIdentifier>{fe70a454-70fa-4bed-80b9-7119f10ada68}</UniqueIdentifier>
    </Filter>
    <Filter Include="Header Files\Model">
      <UniqueIdentifier>{2eef4610-2e29-4ad4-bbcf-53f4da622927}</UniqueIdentifier>
    </Filter>
    <Filter Include="Header Files\Callback">
      <UniqueIdentifier>{5574c712-c132-443c-bc34-403a0f53864e}</UniqueIdentifier>
    </Filter>
    <Filter Include="Source Files\Callback">
      <UniqueIdentifier>{5f0c7502-565f-4e7d-8642-522ad914cdae}</UniqueIdentifier>
    </Filter>
  </ItemGroup>
  <ItemGroup>
    <ClCompile Include="WindowController.cpp">
      <Filter>Source Files\Controller</Filter>
    </ClCompile>
    <ClCompile Include="main.cpp">
      <Filter>Source Files</Filter>
    </ClCompile>
    <ClCompile Include="Window.cpp">
      <Filter>Source Files\Model</Filter>
    </ClCompile>
    <ClCompile Include="MessageBox.cpp">
      <Filter>Source Files\Model</Filter>
    </ClCompile>
    <ClCompile Include="callback.cpp">
      <Filter>Source Files</Filter>
    </ClCompile>
  </ItemGroup>
  <ItemGroup>
    <ClInclude Include="WindowController.h">
      <Filter>Header Files\Controller</Filter>
    </ClInclude>
    <ClInclude Include="prototype.h">
      <Filter>Header Files</Filter>
    </ClInclude>
    <ClInclude Include="MessageBox.h">
      <Filter>Header Files\Model</Filter>
    </ClInclude>
    <ClInclude Include="Window.h">
      <Filter>Header Files\Model</Filter>
    </ClInclude>
  </ItemGroup>
</Project>